
Microsoft Visual Studio Solution File, Format Version 12.00
# Visual Studio 2013
VisualStudioVersion = 12.0.21005.1
MinimumVisualStudioVersion = 10.0.40219.1
Project("{FAE04EC0-301F-11D3-BF4B-00C04F79EFBC}") = "Basic", "Template\Basic.csproj", "{8B174D0F-6DD6-4D51-8FE7-B38B665D48DC}"
EndProject
Project("{FAE04EC0-301F-11D3-BF4B-00C04F79EFBC}") = "Administration", "Administration\Administration.csproj", "{559ED33C-E3D2-4856-A4F8-EA873C22B38D}"
EndProject
Global
	GlobalSection(SolutionConfigurationPlatforms) = preSolution
		Debug|Any CPU = Debug|Any CPU
		Release|Any CPU = Release|Any CPU
	EndGlobalSection
	GlobalSection(ProjectConfigurationPlatforms) = postSolution
		{8B174D0F-6DD6-4D51-8FE7-B38B665D48DC}.Debug|Any CPU.ActiveCfg = Debug|Any CPU
		{8B174D0F-6DD6-4D51-8FE7-B38B665D48DC}.Debug|Any CPU.Build.0 = Debug|Any CPU
		{8B174D0F-6DD6-4D51-8FE7-B38B665D48DC}.Release|Any CPU.ActiveCfg = Release|Any CPU
		{8B174D0F-6DD6-4D51-8FE7-B38B665D48DC}.Release|Any CPU.Build.0 = Release|Any CPU
		{559ED33C-E3D2-4856-A4F8-EA873C22B38D}.Debug|Any CPU.ActiveCfg = Debug|Any CPU
		{559ED33C-E3D2-4856-A4F8-EA873C22B38D}.Debug|Any CPU.Build.0 = Debug|Any CPU
		{559ED33C-E3D2-4856-A4F8-EA873C22B38D}.Release|Any CPU.ActiveCfg = Release|Any CPU
		{559ED33C-E3D2-4856-A4F8-EA873C22B38D}.Release|Any CPU.Build.0 = Release|Any CPU
	EndGlobalSection
	GlobalSection(SolutionProperties) = preSolution
		HideSolutionNode = FALSE
	EndGlobalSection
EndGlobal
